
Microsoft Visual Studio Solution File, Format Version 12.00
# Visual Studio Version 16
VisualStudioVersion = 16.0.31321.278
MinimumVisualStudioVersion = 10.0.40219.1
Project("{FAE04EC0-301F-11D3-BF4B-00C04F79EFBC}") = "joinMethod", "joinMethod\joinMethod.csproj", "{AE7D5D73-15C7-49D7-8E1F-704DD0B2EBD2}"
EndProject
Global
	GlobalSection(SolutionConfigurationPlatforms) = preSolution
		Debug|Any CPU = Debug|Any CPU
		Release|Any CPU = Release|Any CPU
	EndGlobalSection
	GlobalSection(ProjectConfigurationPlatforms) = postSolution
		{AE7D5D73-15C7-49D7-8E1F-704DD0B2EBD2}.Debug|Any CPU.ActiveCfg = Debug|Any CPU
		{AE7D5D73-15C7-49D7-8E1F-704DD0B2EBD2}.Debug|Any CPU.Build.0 = Debug|Any CPU
		{AE7D5D73-15C7-49D7-8E1F-704DD0B2EBD2}.Release|Any CPU.ActiveCfg = Release|Any CPU
		{AE7D5D73-15C7-49D7-8E1F-704DD0B2EBD2}.Release|Any CPU.Build.0 = Release|Any CPU
	EndGlobalSection
	GlobalSection(SolutionProperties) = preSolution
		HideSolutionNode = FALSE
	EndGlobalSection
	GlobalSection(ExtensibilityGlobals) = postSolution
		SolutionGuid = {4B536059-0DA0-4784-A8E5-25DBDE93E626}
	EndGlobalSection
EndGlobal
